
Microsoft Visual Studio Solution File, Format Version 12.00
# Visual Studio 15
VisualStudioVersion = 15.0.27703.2026
MinimumVisualStudioVersion = 10.0.40219.1
Project("{FAE04EC0-301F-11D3-BF4B-00C04F79EFBC}") = "CityInfo.API", "CityInfo.API\CityInfo.API.csproj", "{AACD1624-B2C9-4C67-BB3C-F6A64DD56F7A}"
EndProject
Global
	GlobalSection(SolutionConfigurationPlatforms) = preSolution
		Debug|Any CPU = Debug|Any CPU
		Release|Any CPU = Release|Any CPU
	EndGlobalSection
	GlobalSection(ProjectConfigurationPlatforms) = postSolution
		{AACD1624-B2C9-4C67-BB3C-F6A64DD56F7A}.Debug|Any CPU.ActiveCfg = Debug|Any CPU
		{AACD1624-B2C9-4C67-BB3C-F6A64DD56F7A}.Debug|Any CPU.Build.0 = Debug|Any CPU
		{AACD1624-B2C9-4C67-BB3C-F6A64DD56F7A}.Release|Any CPU.ActiveCfg = Release|Any CPU
		{AACD1624-B2C9-4C67-BB3C-F6A64DD56F7A}.Release|Any CPU.Build.0 = Release|Any CPU
	EndGlobalSection
	GlobalSection(SolutionProperties) = preSolution
		HideSolutionNode = FALSE
	EndGlobalSection
	GlobalSection(ExtensibilityGlobals) = postSolution
		SolutionGuid = {8EACA3B5-249B-4034-B2CE-973477284DCF}
	EndGlobalSection
EndGlobal
